// !$*UTF8*$!
{
	archiveVersion = 1;
	classes = {
	};
	objectVersion = 55;
	objects = {

/* Begin PBXBuildFile section */
		F38B103B292F537C009E7579 /* EmployeeViewModel.swift in Sources */ = {isa = PBXBuildFile; fileRef = F38B103A292F537C009E7579 /* EmployeeViewModel.swift */; };
		F38B103D292F5422009E7579 /* EmployeesViewModel.swift in Sources */ = {isa = PBXBuildFile; fileRef = F38B103C292F5422009E7579 /* EmployeesViewModel.swift */; };
		F3A891B0292DDE60006A23FF /* AppDelegate.swift in Sources */ = {isa = PBXBuildFile; fileRef = F3A891AF292DDE60006A23FF /* AppDelegate.swift */; };
		F3A891B2292DDE60006A23FF /* SceneDelegate.swift in Sources */ = {isa = PBXBuildFile; fileRef = F3A891B1292DDE60006A23FF /* SceneDelegate.swift */; };
		F3A891BA292DDE60006A23FF /* SquareEmployeeDirectory.xcdatamodeld in Sources */ = {isa = PBXBuildFile; fileRef = F3A891B8292DDE60006A23FF /* SquareEmployeeDirectory.xcdatamodeld */; };
		F3A891BC292DDE61006A23FF /* Assets.xcassets in Resources */ = {isa = PBXBuildFile; fileRef = F3A891BB292DDE61006A23FF /* Assets.xcassets */; };
		F3A891BF292DDE61006A23FF /* LaunchScreen.storyboard in Resources */ = {isa = PBXBuildFile; fileRef = F3A891BD292DDE61006A23FF /* LaunchScreen.storyboard */; };
		F3A891CA292DDE61006A23FF /* SquareEmployeeDirectoryTests.swift in Sources */ = {isa = PBXBuildFile; fileRef = F3A891C9292DDE61006A23FF /* SquareEmployeeDirectoryTests.swift */; };
		F3A891D4292DDE61006A23FF /* SquareEmployeeDirectoryUITests.swift in Sources */ = {isa = PBXBuildFile; fileRef = F3A891D3292DDE61006A23FF /* SquareEmployeeDirectoryUITests.swift */; };
		F3A891D6292DDE61006A23FF /* SquareEmployeeDirectoryUITestsLaunchTests.swift in Sources */ = {isa = PBXBuildFile; fileRef = F3A891D5292DDE61006A23FF /* SquareEmployeeDirectoryUITestsLaunchTests.swift */; };
		F3A891F4292DEB6A006A23FF /* SquareEmployeesResponse.swift in Sources */ = {isa = PBXBuildFile; fileRef = F3A891F3292DEB6A006A23FF /* SquareEmployeesResponse.swift */; };
		F3A891F8292DF345006A23FF /* APIClient.swift in Sources */ = {isa = PBXBuildFile; fileRef = F3A891F7292DF345006A23FF /* APIClient.swift */; };
		F3A891FC292DF7E6006A23FF /* SquareEmployeesAPIClient.swift in Sources */ = {isa = PBXBuildFile; fileRef = F3A891FB292DF7E6006A23FF /* SquareEmployeesAPIClient.swift */; };
		F3A891FE292DF906006A23FF /* SquareEmployeesAPIClientProtocol.swift in Sources */ = {isa = PBXBuildFile; fileRef = F3A891FD292DF906006A23FF /* SquareEmployeesAPIClientProtocol.swift */; };
		F3A89200292E1583006A23FF /* Throwable.swift in Sources */ = {isa = PBXBuildFile; fileRef = F3A891FF292E1583006A23FF /* Throwable.swift */; };
		F3A89203292E1AC8006A23FF /* Logger.swift in Sources */ = {isa = PBXBuildFile; fileRef = F3A89202292E1AC8006A23FF /* Logger.swift */; };
		F3A89209292F1DF0006A23FF /* EmployeesViewController.swift in Sources */ = {isa = PBXBuildFile; fileRef = F3A89208292F1DF0006A23FF /* EmployeesViewController.swift */; };
		F3A8920B292F4E0A006A23FF /* EmployeeTableViewCell.swift in Sources */ = {isa = PBXBuildFile; fileRef = F3A8920A292F4E0A006A23FF /* EmployeeTableViewCell.swift */; };
/* End PBXBuildFile section */

/* Begin PBXContainerItemProxy section */
		F3A891C6292DDE61006A23FF /* PBXContainerItemProxy */ = {
			isa = PBXContainerItemProxy;
			containerPortal = F3A891A4292DDE60006A23FF /* Project object */;
			proxyType = 1;
			remoteGlobalIDString = F3A891AB292DDE60006A23FF;
			remoteInfo = SquareEmployeeDirectory;
		};
		F3A891D0292DDE61006A23FF /* PBXContainerItemProxy */ = {
			isa = PBXContainerItemProxy;
			containerPortal = F3A891A4292DDE60006A23FF /* Project object */;
			proxyType = 1;
			remoteGlobalIDString = F3A891AB292DDE60006A23FF;
			remoteInfo = SquareEmployeeDirectory;
		};
/* End PBXContainerItemProxy section */

/* Begin PBXFileReference section */
		F38B103A292F537C009E7579 /* EmployeeViewModel.swift */ = {isa = PBXFileReference; lastKnownFileType = sourcecode.swift; path = EmployeeViewModel.swift; sourceTree = "<group>"; };
		F38B103C292F5422009E7579 /* EmployeesViewModel.swift */ = {isa = PBXFileReference; lastKnownFileType = sourcecode.swift; path = EmployeesViewModel.swift; sourceTree = "<group>"; };
		F3A891AC292DDE60006A23FF /* SquareEmployeeDirectory.app */ = {isa = PBXFileReference; explicitFileType = wrapper.application; includeInIndex = 0; path = SquareEmployeeDirectory.app; sourceTree = BUILT_PRODUCTS_DIR; };
		F3A891AF292DDE60006A23FF /* AppDelegate.swift */ = {isa = PBXFileReference; lastKnownFileType = sourcecode.swift; path = AppDelegate.swift; sourceTree = "<group>"; };
		F3A891B1292DDE60006A23FF /* SceneDelegate.swift */ = {isa = PBXFileReference; lastKnownFileType = sourcecode.swift; path = SceneDelegate.swift; sourceTree = "<group>"; };
		F3A891B9292DDE60006A23FF /* SquareEmployeeDirectory.xcdatamodel */ = {isa = PBXFileReference; lastKnownFileType = wrapper.xcdatamodel; path = SquareEmployeeDirectory.xcdatamodel; sourceTree = "<group>"; };
		F3A891BB292DDE61006A23FF /* Assets.xcassets */ = {isa = PBXFileReference; lastKnownFileType = folder.assetcatalog; path = Assets.xcassets; sourceTree = "<group>"; };
		F3A891BE292DDE61006A23FF /* Base */ = {isa = PBXFileReference; lastKnownFileType = file.storyboard; name = Base; path = Base.lproj/LaunchScreen.storyboard; sourceTree = "<group>"; };
		F3A891C0292DDE61006A23FF /* Info.plist */ = {isa = PBXFileReference; lastKnownFileType = text.plist.xml; path = Info.plist; sourceTree = "<group>"; };
		F3A891C5292DDE61006A23FF /* SquareEmployeeDirectoryTests.xctest */ = {isa = PBXFileReference; explicitFileType = wrapper.cfbundle; includeInIndex = 0; path = SquareEmployeeDirectoryTests.xctest; sourceTree = BUILT_PRODUCTS_DIR; };
		F3A891C9292DDE61006A23FF /* SquareEmployeeDirectoryTests.swift */ = {isa = PBXFileReference; lastKnownFileType = sourcecode.swift; path = SquareEmployeeDirectoryTests.swift; sourceTree = "<group>"; };
		F3A891CF292DDE61006A23FF /* SquareEmployeeDirectoryUITests.xctest */ = {isa = PBXFileReference; explicitFileType = wrapper.cfbundle; includeInIndex = 0; path = SquareEmployeeDirectoryUITests.xctest; sourceTree = BUILT_PRODUCTS_DIR; };
		F3A891D3292DDE61006A23FF /* SquareEmployeeDirectoryUITests.swift */ = {isa = PBXFileReference; lastKnownFileType = sourcecode.swift; path = SquareEmployeeDirectoryUITests.swift; sourceTree = "<group>"; };
		F3A891D5292DDE61006A23FF /* SquareEmployeeDirectoryUITestsLaunchTests.swift */ = {isa = PBXFileReference; lastKnownFileType = sourcecode.swift; path = SquareEmployeeDirectoryUITestsLaunchTests.swift; sourceTree = "<group>"; };
		F3A891F3292DEB6A006A23FF /* SquareEmployeesResponse.swift */ = {isa = PBXFileReference; lastKnownFileType = sourcecode.swift; path = SquareEmployeesResponse.swift; sourceTree = "<group>"; };
		F3A891F7292DF345006A23FF /* APIClient.swift */ = {isa = PBXFileReference; lastKnownFileType = sourcecode.swift; path = APIClient.swift; sourceTree = "<group>"; };
		F3A891FB292DF7E6006A23FF /* SquareEmployeesAPIClient.swift */ = {isa = PBXFileReference; lastKnownFileType = sourcecode.swift; path = SquareEmployeesAPIClient.swift; sourceTree = "<group>"; };
		F3A891FD292DF906006A23FF /* SquareEmployeesAPIClientProtocol.swift */ = {isa = PBXFileReference; lastKnownFileType = sourcecode.swift; path = SquareEmployeesAPIClientProtocol.swift; sourceTree = "<group>"; };
		F3A891FF292E1583006A23FF /* Throwable.swift */ = {isa = PBXFileReference; lastKnownFileType = sourcecode.swift; path = Throwable.swift; sourceTree = "<group>"; };
		F3A89202292E1AC8006A23FF /* Logger.swift */ = {isa = PBXFileReference; lastKnownFileType = sourcecode.swift; path = Logger.swift; sourceTree = "<group>"; };
		F3A89208292F1DF0006A23FF /* EmployeesViewController.swift */ = {isa = PBXFileReference; lastKnownFileType = sourcecode.swift; path = EmployeesViewController.swift; sourceTree = "<group>"; };
		F3A8920A292F4E0A006A23FF /* EmployeeTableViewCell.swift */ = {isa = PBXFileReference; lastKnownFileType = sourcecode.swift; path = EmployeeTableViewCell.swift; sourceTree = "<group>"; };
/* End PBXFileReference section */

/* Begin PBXFrameworksBuildPhase section */
		F3A891A9292DDE60006A23FF /* Frameworks */ = {
			isa = PBXFrameworksBuildPhase;
			buildActionMask = 2147483647;
			files = (
			);
			runOnlyForDeploymentPostprocessing = 0;
		};
		F3A891C2292DDE61006A23FF /* Frameworks */ = {
			isa = PBXFrameworksBuildPhase;
			buildActionMask = 2147483647;
			files = (
			);
			runOnlyForDeploymentPostprocessing = 0;
		};
		F3A891CC292DDE61006A23FF /* Frameworks */ = {
			isa = PBXFrameworksBuildPhase;
			buildActionMask = 2147483647;
			files = (
			);
			runOnlyForDeploymentPostprocessing = 0;
		};
/* End PBXFrameworksBuildPhase section */

/* Begin PBXGroup section */
		F3A891A3292DDE60006A23FF = {
			isa = PBXGroup;
			children = (
				F3A891AE292DDE60006A23FF /* SquareEmployeeDirectory */,
				F3A891C8292DDE61006A23FF /* SquareEmployeeDirectoryTests */,
				F3A891D2292DDE61006A23FF /* SquareEmployeeDirectoryUITests */,
				F3A891AD292DDE60006A23FF /* Products */,
			);
			sourceTree = "<group>";
		};
		F3A891AD292DDE60006A23FF /* Products */ = {
			isa = PBXGroup;
			children = (
				F3A891AC292DDE60006A23FF /* SquareEmployeeDirectory.app */,
				F3A891C5292DDE61006A23FF /* SquareEmployeeDirectoryTests.xctest */,
				F3A891CF292DDE61006A23FF /* SquareEmployeeDirectoryUITests.xctest */,
			);
			name = Products;
			sourceTree = "<group>";
		};
		F3A891AE292DDE60006A23FF /* SquareEmployeeDirectory */ = {
			isa = PBXGroup;
			children = (
				F3A891F5292DF31F006A23FF /* Shared */,
				F3A89204292F1B17006A23FF /* Features */,
				F3A891AF292DDE60006A23FF /* AppDelegate.swift */,
				F3A891B1292DDE60006A23FF /* SceneDelegate.swift */,
				F3A891BB292DDE61006A23FF /* Assets.xcassets */,
				F3A891BD292DDE61006A23FF /* LaunchScreen.storyboard */,
				F3A891C0292DDE61006A23FF /* Info.plist */,
				F3A891B8292DDE60006A23FF /* SquareEmployeeDirectory.xcdatamodeld */,
			);
			path = SquareEmployeeDirectory;
			sourceTree = "<group>";
		};
		F3A891C8292DDE61006A23FF /* SquareEmployeeDirectoryTests */ = {
			isa = PBXGroup;
			children = (
				F3A891C9292DDE61006A23FF /* SquareEmployeeDirectoryTests.swift */,
			);
			path = SquareEmployeeDirectoryTests;
			sourceTree = "<group>";
		};
		F3A891D2292DDE61006A23FF /* SquareEmployeeDirectoryUITests */ = {
			isa = PBXGroup;
			children = (
				F3A891D3292DDE61006A23FF /* SquareEmployeeDirectoryUITests.swift */,
				F3A891D5292DDE61006A23FF /* SquareEmployeeDirectoryUITestsLaunchTests.swift */,
			);
			path = SquareEmployeeDirectoryUITests;
			sourceTree = "<group>";
		};
		F3A891EC292DE76F006A23FF /* MainEmployeesView */ = {
			isa = PBXGroup;
			children = (
				F3A89207292F1C59006A23FF /* ViewModel */,
				F3A89206292F1C16006A23FF /* View */,
				F3A891F2292DEB5B006A23FF /* Model */,
				F3A891ED292DE795006A23FF /* Network */,
			);
			path = MainEmployeesView;
			sourceTree = "<group>";
		};
		F3A891ED292DE795006A23FF /* Network */ = {
			isa = PBXGroup;
			children = (
				F3A891FB292DF7E6006A23FF /* SquareEmployeesAPIClient.swift */,
				F3A891FD292DF906006A23FF /* SquareEmployeesAPIClientProtocol.swift */,
			);
			path = Network;
			sourceTree = "<group>";
		};
		F3A891F2292DEB5B006A23FF /* Model */ = {
			isa = PBXGroup;
			children = (
				F3A891F3292DEB6A006A23FF /* SquareEmployeesResponse.swift */,
			);
			path = Model;
			sourceTree = "<group>";
		};
		F3A891F5292DF31F006A23FF /* Shared */ = {
			isa = PBXGroup;
			children = (
				F3A89201292E1ABA006A23FF /* Logger */,
				F3A891F6292DF328006A23FF /* Network */,
			);
			path = Shared;
			sourceTree = "<group>";
		};
		F3A891F6292DF328006A23FF /* Network */ = {
			isa = PBXGroup;
			children = (
				F3A891F7292DF345006A23FF /* APIClient.swift */,
				F3A891FF292E1583006A23FF /* Throwable.swift */,
			);
			path = Network;
			sourceTree = "<group>";
		};
		F3A89201292E1ABA006A23FF /* Logger */ = {
			isa = PBXGroup;
			children = (
				F3A89202292E1AC8006A23FF /* Logger.swift */,
			);
			path = Logger;
			sourceTree = "<group>";
		};
		F3A89204292F1B17006A23FF /* Features */ = {
			isa = PBXGroup;
			children = (
				F3A891EC292DE76F006A23FF /* MainEmployeesView */,
			);
			path = Features;
			sourceTree = "<group>";
		};
		F3A89206292F1C16006A23FF /* View */ = {
			isa = PBXGroup;
			children = (
				F3A89208292F1DF0006A23FF /* EmployeesViewController.swift */,
				F3A8920A292F4E0A006A23FF /* EmployeeTableViewCell.swift */,
			);
			path = View;
			sourceTree = "<group>";
		};
		F3A89207292F1C59006A23FF /* ViewModel */ = {
			isa = PBXGroup;
			children = (
				F38B103A292F537C009E7579 /* EmployeeViewModel.swift */,
				F38B103C292F5422009E7579 /* EmployeesViewModel.swift */,
			);
			path = ViewModel;
			sourceTree = "<group>";
		};
/* End PBXGroup section */

/* Begin PBXNativeTarget section */
		F3A891AB292DDE60006A23FF /* SquareEmployeeDirectory */ = {
			isa = PBXNativeTarget;
			buildConfigurationList = F3A891D9292DDE61006A23FF /* Build configuration list for PBXNativeTarget "SquareEmployeeDirectory" */;
			buildPhases = (
				F3A891A8292DDE60006A23FF /* Sources */,
				F3A891A9292DDE60006A23FF /* Frameworks */,
				F3A891AA292DDE60006A23FF /* Resources */,
			);
			buildRules = (
			);
			dependencies = (
			);
			name = SquareEmployeeDirectory;
			productName = SquareEmployeeDirectory;
			productReference = F3A891AC292DDE60006A23FF /* SquareEmployeeDirectory.app */;
			productType = "com.apple.product-type.application";
		};
		F3A891C4292DDE61006A23FF /* SquareEmployeeDirectoryTests */ = {
			isa = PBXNativeTarget;
			buildConfigurationList = F3A891DC292DDE61006A23FF /* Build configuration list for PBXNativeTarget "SquareEmployeeDirectoryTests" */;
			buildPhases = (
				F3A891C1292DDE61006A23FF /* Sources */,
				F3A891C2292DDE61006A23FF /* Frameworks */,
				F3A891C3292DDE61006A23FF /* Resources */,
			);
			buildRules = (
			);
			dependencies = (
				F3A891C7292DDE61006A23FF /* PBXTargetDependency */,
			);
			name = SquareEmployeeDirectoryTests;
			productName = SquareEmployeeDirectoryTests;
			productReference = F3A891C5292DDE61006A23FF /* SquareEmployeeDirectoryTests.xctest */;
			productType = "com.apple.product-type.bundle.unit-test";
		};
		F3A891CE292DDE61006A23FF /* SquareEmployeeDirectoryUITests */ = {
			isa = PBXNativeTarget;
			buildConfigurationList = F3A891DF292DDE61006A23FF /* Build configuration list for PBXNativeTarget "SquareEmployeeDirectoryUITests" */;
			buildPhases = (
				F3A891CB292DDE61006A23FF /* Sources */,
				F3A891CC292DDE61006A23FF /* Frameworks */,
				F3A891CD292DDE61006A23FF /* Resources */,
			);
			buildRules = (
			);
			dependencies = (
				F3A891D1292DDE61006A23FF /* PBXTargetDependency */,
			);
			name = SquareEmployeeDirectoryUITests;
			productName = SquareEmployeeDirectoryUITests;
			productReference = F3A891CF292DDE61006A23FF /* SquareEmployeeDirectoryUITests.xctest */;
			productType = "com.apple.product-type.bundle.ui-testing";
		};
/* End PBXNativeTarget section */

/* Begin PBXProject section */
		F3A891A4292DDE60006A23FF /* Project object */ = {
			isa = PBXProject;
			attributes = {
				BuildIndependentTargetsInParallel = 1;
				LastSwiftUpdateCheck = 1340;
				LastUpgradeCheck = 1340;
				TargetAttributes = {
					F3A891AB292DDE60006A23FF = {
						CreatedOnToolsVersion = 13.4.1;
					};
					F3A891C4292DDE61006A23FF = {
						CreatedOnToolsVersion = 13.4.1;
						TestTargetID = F3A891AB292DDE60006A23FF;
					};
					F3A891CE292DDE61006A23FF = {
						CreatedOnToolsVersion = 13.4.1;
						TestTargetID = F3A891AB292DDE60006A23FF;
					};
				};
			};
			buildConfigurationList = F3A891A7292DDE60006A23FF /* Build configuration list for PBXProject "SquareEmployeeDirectory" */;
			compatibilityVersion = "Xcode 13.0";
			developmentRegion = en;
			hasScannedForEncodings = 0;
			knownRegions = (
				en,
				Base,
			);
			mainGroup = F3A891A3292DDE60006A23FF;
			productRefGroup = F3A891AD292DDE60006A23FF /* Products */;
			projectDirPath = "";
			projectRoot = "";
			targets = (
				F3A891AB292DDE60006A23FF /* SquareEmployeeDirectory */,
				F3A891C4292DDE61006A23FF /* SquareEmployeeDirectoryTests */,
				F3A891CE292DDE61006A23FF /* SquareEmployeeDirectoryUITests */,
			);
		};
/* End PBXProject section */

/* Begin PBXResourcesBuildPhase section */
		F3A891AA292DDE60006A23FF /* Resources */ = {
			isa = PBXResourcesBuildPhase;
			buildActionMask = 2147483647;
			files = (
				F3A891BF292DDE61006A23FF /* LaunchScreen.storyboard in Resources */,
				F3A891BC292DDE61006A23FF /* Assets.xcassets in Resources */,
			);
			runOnlyForDeploymentPostprocessing = 0;
		};
		F3A891C3292DDE61006A23FF /* Resources */ = {
			isa = PBXResourcesBuildPhase;
			buildActionMask = 2147483647;
			files = (
			);
			runOnlyForDeploymentPostprocessing = 0;
		};
		F3A891CD292DDE61006A23FF /* Resources */ = {
			isa = PBXResourcesBuildPhase;
			buildActionMask = 2147483647;
			files = (
			);
			runOnlyForDeploymentPostprocessing = 0;
		};
/* End PBXResourcesBuildPhase section */

/* Begin PBXSourcesBuildPhase section */
		F3A891A8292DDE60006A23FF /* Sources */ = {
			isa = PBXSourcesBuildPhase;
			buildActionMask = 2147483647;
			files = (
				F3A891FE292DF906006A23FF /* SquareEmployeesAPIClientProtocol.swift in Sources */,
				F3A89200292E1583006A23FF /* Throwable.swift in Sources */,
				F38B103D292F5422009E7579 /* EmployeesViewModel.swift in Sources */,
				F3A89209292F1DF0006A23FF /* EmployeesViewController.swift in Sources */,
				F3A891B0292DDE60006A23FF /* AppDelegate.swift in Sources */,
				F3A891BA292DDE60006A23FF /* SquareEmployeeDirectory.xcdatamodeld in Sources */,
				F3A89203292E1AC8006A23FF /* Logger.swift in Sources */,
				F3A8920B292F4E0A006A23FF /* EmployeeTableViewCell.swift in Sources */,
				F3A891FC292DF7E6006A23FF /* SquareEmployeesAPIClient.swift in Sources */,
				F3A891F4292DEB6A006A23FF /* SquareEmployeesResponse.swift in Sources */,
				F3A891B2292DDE60006A23FF /* SceneDelegate.swift in Sources */,
				F38B103B292F537C009E7579 /* EmployeeViewModel.swift in Sources */,
				F3A891F8292DF345006A23FF /* APIClient.swift in Sources */,
			);
			runOnlyForDeploymentPostprocessing = 0;
		};
		F3A891C1292DDE61006A23FF /* Sources */ = {
			isa = PBXSourcesBuildPhase;
			buildActionMask = 2147483647;
			files = (
				F3A891CA292DDE61006A23FF /* SquareEmployeeDirectoryTests.swift in Sources */,
			);
			runOnlyForDeploymentPostprocessing = 0;
		};
		F3A891CB292DDE61006A23FF /* Sources */ = {
			isa = PBXSourcesBuildPhase;
			buildActionMask = 2147483647;
			files = (
				F3A891D4292DDE61006A23FF /* SquareEmployeeDirectoryUITests.swift in Sources */,
				F3A891D6292DDE61006A23FF /* SquareEmployeeDirectoryUITestsLaunchTests.swift in Sources */,
			);
			runOnlyForDeploymentPostprocessing = 0;
		};
/* End PBXSourcesBuildPhase section */

/* Begin PBXTargetDependency section */
		F3A891C7292DDE61006A23FF /* PBXTargetDependency */ = {
			isa = PBXTargetDependency;
			target = F3A891AB292DDE60006A23FF /* SquareEmployeeDirectory */;
			targetProxy = F3A891C6292DDE61006A23FF /* PBXContainerItemProxy */;
		};
		F3A891D1292DDE61006A23FF /* PBXTargetDependency */ = {
			isa = PBXTargetDependency;
			target = F3A891AB292DDE60006A23FF /* SquareEmployeeDirectory */;
			targetProxy = F3A891D0292DDE61006A23FF /* PBXContainerItemProxy */;
		};
/* End PBXTargetDependency section */

/* Begin PBXVariantGroup section */
		F3A891BD292DDE61006A23FF /* LaunchScreen.storyboard */ = {
			isa = PBXVariantGroup;
			children = (
				F3A891BE292DDE61006A23FF /* Base */,
			);
			name = LaunchScreen.storyboard;
			sourceTree = "<group>";
		};
/* End PBXVariantGroup section */

/* Begin XCBuildConfiguration section */
		F3A891D7292DDE61006A23FF /* Debug */ = {
			isa = XCBuildConfiguration;
			buildSettings = {
				ALWAYS_SEARCH_USER_PATHS = NO;
				CLANG_ANALYZER_NONNULL = YES;
				CLANG_ANALYZER_NUMBER_OBJECT_CONVERSION = YES_AGGRESSIVE;
				CLANG_CXX_LANGUAGE_STANDARD = "gnu++17";
				CLANG_ENABLE_MODULES = YES;
				CLANG_ENABLE_OBJC_ARC = YES;
				CLANG_ENABLE_OBJC_WEAK = YES;
				CLANG_WARN_BLOCK_CAPTURE_AUTORELEASING = YES;
				CLANG_WARN_BOOL_CONVERSION = YES;
				CLANG_WARN_COMMA = YES;
				CLANG_WARN_CONSTANT_CONVERSION = YES;
				CLANG_WARN_DEPRECATED_OBJC_IMPLEMENTATIONS = YES;
				CLANG_WARN_DIRECT_OBJC_ISA_USAGE = YES_ERROR;
				CLANG_WARN_DOCUMENTATION_COMMENTS = YES;
				CLANG_WARN_EMPTY_BODY = YES;
				CLANG_WARN_ENUM_CONVERSION = YES;
				CLANG_WARN_INFINITE_RECURSION = YES;
				CLANG_WARN_INT_CONVERSION = YES;
				CLANG_WARN_NON_LITERAL_NULL_CONVERSION = YES;
				CLANG_WARN_OBJC_IMPLICIT_RETAIN_SELF = YES;
				CLANG_WARN_OBJC_LITERAL_CONVERSION = YES;
				CLANG_WARN_OBJC_ROOT_CLASS = YES_ERROR;
				CLANG_WARN_QUOTED_INCLUDE_IN_FRAMEWORK_HEADER = YES;
				CLANG_WARN_RANGE_LOOP_ANALYSIS = YES;
				CLANG_WARN_STRICT_PROTOTYPES = YES;
				CLANG_WARN_SUSPICIOUS_MOVE = YES;
				CLANG_WARN_UNGUARDED_AVAILABILITY = YES_AGGRESSIVE;
				CLANG_WARN_UNREACHABLE_CODE = YES;
				CLANG_WARN__DUPLICATE_METHOD_MATCH = YES;
				COPY_PHASE_STRIP = NO;
				DEBUG_INFORMATION_FORMAT = dwarf;
				ENABLE_STRICT_OBJC_MSGSEND = YES;
				ENABLE_TESTABILITY = YES;
				GCC_C_LANGUAGE_STANDARD = gnu11;
				GCC_DYNAMIC_NO_PIC = NO;
				GCC_NO_COMMON_BLOCKS = YES;
				GCC_OPTIMIZATION_LEVEL = 0;
				GCC_PREPROCESSOR_DEFINITIONS = (
					"DEBUG=1",
					"$(inherited)",
				);
				GCC_WARN_64_TO_32_BIT_CONVERSION = YES;
				GCC_WARN_ABOUT_RETURN_TYPE = YES_ERROR;
				GCC_WARN_UNDECLARED_SELECTOR = YES;
				GCC_WARN_UNINITIALIZED_AUTOS = YES_AGGRESSIVE;
				GCC_WARN_UNUSED_FUNCTION = YES;
				GCC_WARN_UNUSED_VARIABLE = YES;
				IPHONEOS_DEPLOYMENT_TARGET = 15.5;
				MTL_ENABLE_DEBUG_INFO = INCLUDE_SOURCE;
				MTL_FAST_MATH = YES;
				ONLY_ACTIVE_ARCH = YES;
				SDKROOT = iphoneos;
				SWIFT_ACTIVE_COMPILATION_CONDITIONS = DEBUG;
				SWIFT_OPTIMIZATION_LEVEL = "-Onone";
			};
			name = Debug;
		};
		F3A891D8292DDE61006A23FF /* Release */ = {
			isa = XCBuildConfiguration;
			buildSettings = {
				ALWAYS_SEARCH_USER_PATHS = NO;
				CLANG_ANALYZER_NONNULL = YES;
				CLANG_ANALYZER_NUMBER_OBJECT_CONVERSION = YES_AGGRESSIVE;
				CLANG_CXX_LANGUAGE_STANDARD = "gnu++17";
				CLANG_ENABLE_MODULES = YES;
				CLANG_ENABLE_OBJC_ARC = YES;
				CLANG_ENABLE_OBJC_WEAK = YES;
				CLANG_WARN_BLOCK_CAPTURE_AUTORELEASING = YES;
				CLANG_WARN_BOOL_CONVERSION = YES;
				CLANG_WARN_COMMA = YES;
				CLANG_WARN_CONSTANT_CONVERSION = YES;
				CLANG_WARN_DEPRECATED_OBJC_IMPLEMENTATIONS = YES;
				CLANG_WARN_DIRECT_OBJC_ISA_USAGE = YES_ERROR;
				CLANG_WARN_DOCUMENTATION_COMMENTS = YES;
				CLANG_WARN_EMPTY_BODY = YES;
				CLANG_WARN_ENUM_CONVERSION = YES;
				CLANG_WARN_INFINITE_RECURSION = YES;
				CLANG_WARN_INT_CONVERSION = YES;
				CLANG_WARN_NON_LITERAL_NULL_CONVERSION = YES;
				CLANG_WARN_OBJC_IMPLICIT_RETAIN_SELF = YES;
				CLANG_WARN_OBJC_LITERAL_CONVERSION = YES;
				CLANG_WARN_OBJC_ROOT_CLASS = YES_ERROR;
				CLANG_WARN_QUOTED_INCLUDE_IN_FRAMEWORK_HEADER = YES;
				CLANG_WARN_RANGE_LOOP_ANALYSIS = YES;
				CLANG_WARN_STRICT_PROTOTYPES = YES;
				CLANG_WARN_SUSPICIOUS_MOVE = YES;
				CLANG_WARN_UNGUARDED_AVAILABILITY = YES_AGGRESSIVE;
				CLANG_WARN_UNREACHABLE_CODE = YES;
				CLANG_WARN__DUPLICATE_METHOD_MATCH = YES;
				COPY_PHASE_STRIP = NO;
				DEBUG_INFORMATION_FORMAT = "dwarf-with-dsym";
				ENABLE_NS_ASSERTIONS = NO;
				ENABLE_STRICT_OBJC_MSGSEND = YES;
				GCC_C_LANGUAGE_STANDARD = gnu11;
				GCC_NO_COMMON_BLOCKS = YES;
				GCC_WARN_64_TO_32_BIT_CONVERSION = YES;
				GCC_WARN_ABOUT_RETURN_TYPE = YES_ERROR;
				GCC_WARN_UNDECLARED_SELECTOR = YES;
				GCC_WARN_UNINITIALIZED_AUTOS = YES_AGGRESSIVE;
				GCC_WARN_UNUSED_FUNCTION = YES;
				GCC_WARN_UNUSED_VARIABLE = YES;
				IPHONEOS_DEPLOYMENT_TARGET = 15.5;
				MTL_ENABLE_DEBUG_INFO = NO;
				MTL_FAST_MATH = YES;
				SDKROOT = iphoneos;
				SWIFT_COMPILATION_MODE = wholemodule;
				SWIFT_OPTIMIZATION_LEVEL = "-O";
				VALIDATE_PRODUCT = YES;
			};
			name = Release;
		};
		F3A891DA292DDE61006A23FF /* Debug */ = {
			isa = XCBuildConfiguration;
			buildSettings = {
				ASSETCATALOG_COMPILER_APPICON_NAME = AppIcon;
				ASSETCATALOG_COMPILER_GLOBAL_ACCENT_COLOR_NAME = AccentColor;
				CODE_SIGN_STYLE = Automatic;
				CURRENT_PROJECT_VERSION = 1;
				DEVELOPMENT_TEAM = 8MS87H3FQ4;
				GENERATE_INFOPLIST_FILE = YES;
				INFOPLIST_FILE = SquareEmployeeDirectory/Info.plist;
				INFOPLIST_KEY_UIApplicationSupportsIndirectInputEvents = YES;
				INFOPLIST_KEY_UILaunchStoryboardName = LaunchScreen;
				INFOPLIST_KEY_UISupportedInterfaceOrientations_iPad = "UIInterfaceOrientationPortrait UIInterfaceOrientationPortraitUpsideDown UIInterfaceOrientationLandscapeLeft UIInterfaceOrientationLandscapeRight";
				INFOPLIST_KEY_UISupportedInterfaceOrientations_iPhone = "UIInterfaceOrientationPortrait UIInterfaceOrientationLandscapeLeft UIInterfaceOrientationLandscapeRight";
				LD_RUNPATH_SEARCH_PATHS = (
					"$(inherited)",
					"@executable_path/Frameworks",
				);
				MARKETING_VERSION = 1.0;
				PRODUCT_BUNDLE_IDENTIFIER = david.mar.SquareEmployeeDirectory;
				PRODUCT_NAME = "$(TARGET_NAME)";
				SWIFT_EMIT_LOC_STRINGS = YES;
				SWIFT_VERSION = 5.0;
				TARGETED_DEVICE_FAMILY = "1,2";
			};
			name = Debug;
		};
		F3A891DB292DDE61006A23FF /* Release */ = {
			isa = XCBuildConfiguration;
			buildSettings = {
				ASSETCATALOG_COMPILER_APPICON_NAME = AppIcon;
				ASSETCATALOG_COMPILER_GLOBAL_ACCENT_COLOR_NAME = AccentColor;
				CODE_SIGN_STYLE = Automatic;
				CURRENT_PROJECT_VERSION = 1;
				DEVELOPMENT_TEAM = 8MS87H3FQ4;
				GENERATE_INFOPLIST_FILE = YES;
				INFOPLIST_FILE = SquareEmployeeDirectory/Info.plist;
				INFOPLIST_KEY_UIApplicationSupportsIndirectInputEvents = YES;
				INFOPLIST_KEY_UILaunchStoryboardName = LaunchScreen;
				INFOPLIST_KEY_UISupportedInterfaceOrientations_iPad = "UIInterfaceOrientationPortrait UIInterfaceOrientationPortraitUpsideDown UIInterfaceOrientationLandscapeLeft UIInterfaceOrientationLandscapeRight";
				INFOPLIST_KEY_UISupportedInterfaceOrientations_iPhone = "UIInterfaceOrientationPortrait UIInterfaceOrientationLandscapeLeft UIInterfaceOrientationLandscapeRight";
				LD_RUNPATH_SEARCH_PATHS = (
					"$(inherited)",
					"@executable_path/Frameworks",
				);
				MARKETING_VERSION = 1.0;
				PRODUCT_BUNDLE_IDENTIFIER = david.mar.SquareEmployeeDirectory;
				PRODUCT_NAME = "$(TARGET_NAME)";
				SWIFT_EMIT_LOC_STRINGS = YES;
				SWIFT_VERSION = 5.0;
				TARGETED_DEVICE_FAMILY = "1,2";
			};
			name = Release;
		};
		F3A891DD292DDE61006A23FF /* Debug */ = {
			isa = XCBuildConfiguration;
			buildSettings = {
				ALWAYS_EMBED_SWIFT_STANDARD_LIBRARIES = YES;
				BUNDLE_LOADER = "$(TEST_HOST)";
				CODE_SIGN_STYLE = Automatic;
				CURRENT_PROJECT_VERSION = 1;
				DEVELOPMENT_TEAM = 8MS87H3FQ4;
				GENERATE_INFOPLIST_FILE = YES;
				IPHONEOS_DEPLOYMENT_TARGET = 15.5;
				MARKETING_VERSION = 1.0;
				PRODUCT_BUNDLE_IDENTIFIER = david.mar.SquareEmployeeDirectoryTests;
				PRODUCT_NAME = "$(TARGET_NAME)";
				SWIFT_EMIT_LOC_STRINGS = NO;
				SWIFT_VERSION = 5.0;
				TARGETED_DEVICE_FAMILY = "1,2";
				TEST_HOST = "$(BUILT_PRODUCTS_DIR)/SquareEmployeeDirectory.app/SquareEmployeeDirectory";
			};
			name = Debug;
		};
		F3A891DE292DDE61006A23FF /* Release */ = {
			isa = XCBuildConfiguration;
			buildSettings = {
				ALWAYS_EMBED_SWIFT_STANDARD_LIBRARIES = YES;
				BUNDLE_LOADER = "$(TEST_HOST)";
				CODE_SIGN_STYLE = Automatic;
				CURRENT_PROJECT_VERSION = 1;
				DEVELOPMENT_TEAM = 8MS87H3FQ4;
				GENERATE_INFOPLIST_FILE = YES;
				IPHONEOS_DEPLOYMENT_TARGET = 15.5;
				MARKETING_VERSION = 1.0;
				PRODUCT_BUNDLE_IDENTIFIER = david.mar.SquareEmployeeDirectoryTests;
				PRODUCT_NAME = "$(TARGET_NAME)";
				SWIFT_EMIT_LOC_STRINGS = NO;
				SWIFT_VERSION = 5.0;
				TARGETED_DEVICE_FAMILY = "1,2";
				TEST_HOST = "$(BUILT_PRODUCTS_DIR)/SquareEmployeeDirectory.app/SquareEmployeeDirectory";
			};
			name = Release;
		};
		F3A891E0292DDE61006A23FF /* Debug */ = {
			isa = XCBuildConfiguration;
			buildSettings = {
				ALWAYS_EMBED_SWIFT_STANDARD_LIBRARIES = YES;
				CODE_SIGN_STYLE = Automatic;
				CURRENT_PROJECT_VERSION = 1;
				DEVELOPMENT_TEAM = 8MS87H3FQ4;
				GENERATE_INFOPLIST_FILE = YES;
				MARKETING_VERSION = 1.0;
				PRODUCT_BUNDLE_IDENTIFIER = david.mar.SquareEmployeeDirectoryUITests;
				PRODUCT_NAME = "$(TARGET_NAME)";
				SWIFT_EMIT_LOC_STRINGS = NO;
				SWIFT_VERSION = 5.0;
				TARGETED_DEVICE_FAMILY = "1,2";
				TEST_TARGET_NAME = SquareEmployeeDirectory;
			};
			name = Debug;
		};
		F3A891E1292DDE61006A23FF /* Release */ = {
			isa = XCBuildConfiguration;
			buildSettings = {
				ALWAYS_EMBED_SWIFT_STANDARD_LIBRARIES = YES;
				CODE_SIGN_STYLE = Automatic;
				CURRENT_PROJECT_VERSION = 1;
				DEVELOPMENT_TEAM = 8MS87H3FQ4;
				GENERATE_INFOPLIST_FILE = YES;
				MARKETING_VERSION = 1.0;
				PRODUCT_BUNDLE_IDENTIFIER = david.mar.SquareEmployeeDirectoryUITests;
				PRODUCT_NAME = "$(TARGET_NAME)";
				SWIFT_EMIT_LOC_STRINGS = NO;
				SWIFT_VERSION = 5.0;
				TARGETED_DEVICE_FAMILY = "1,2";
				TEST_TARGET_NAME = SquareEmployeeDirectory;
			};
			name = Release;
		};
/* End XCBuildConfiguration section */

/* Begin XCConfigurationList section */
		F3A891A7292DDE60006A23FF /* Build configuration list for PBXProject "SquareEmployeeDirectory" */ = {
			isa = XCConfigurationList;
			buildConfigurations = (
				F3A891D7292DDE61006A23FF /* Debug */,
				F3A891D8292DDE61006A23FF /* Release */,
			);
			defaultConfigurationIsVisible = 0;
			defaultConfigurationName = Release;
		};
		F3A891D9292DDE61006A23FF /* Build configuration list for PBXNativeTarget "SquareEmployeeDirectory" */ = {
			isa = XCConfigurationList;
			buildConfigurations = (
				F3A891DA292DDE61006A23FF /* Debug */,
				F3A891DB292DDE61006A23FF /* Release */,
			);
			defaultConfigurationIsVisible = 0;
			defaultConfigurationName = Release;
		};
		F3A891DC292DDE61006A23FF /* Build configuration list for PBXNativeTarget "SquareEmployeeDirectoryTests" */ = {
			isa = XCConfigurationList;
			buildConfigurations = (
				F3A891DD292DDE61006A23FF /* Debug */,
				F3A891DE292DDE61006A23FF /* Release */,
			);
			defaultConfigurationIsVisible = 0;
			defaultConfigurationName = Release;
		};
		F3A891DF292DDE61006A23FF /* Build configuration list for PBXNativeTarget "SquareEmployeeDirectoryUITests" */ = {
			isa = XCConfigurationList;
			buildConfigurations = (
				F3A891E0292DDE61006A23FF /* Debug */,
				F3A891E1292DDE61006A23FF /* Release */,
			);
			defaultConfigurationIsVisible = 0;
			defaultConfigurationName = Release;
		};
/* End XCConfigurationList section */

/* Begin XCVersionGroup section */
		F3A891B8292DDE60006A23FF /* SquareEmployeeDirectory.xcdatamodeld */ = {
			isa = XCVersionGroup;
			children = (
				F3A891B9292DDE60006A23FF /* SquareEmployeeDirectory.xcdatamodel */,
			);
			currentVersion = F3A891B9292DDE60006A23FF /* SquareEmployeeDirectory.xcdatamodel */;
			path = SquareEmployeeDirectory.xcdatamodeld;
			sourceTree = "<group>";
			versionGroupType = wrapper.xcdatamodel;
		};
/* End XCVersionGroup section */
	};
	rootObject = F3A891A4292DDE60006A23FF /* Project object */;
}
